version = 1
revision = 3
requires-python = ">=3.14"

[[package]]
name = "btrees"
version = "6.3"
source = { registry = "https://pypi.org/simple" }
dependencies = [
    { name = "persistent" },
    { name = "zope-interface" },
]
sdist = { url = "https://files.pythonhosted.org/packages/d3/3b/a8dca05a5006d799c57a2735e859698282bd44d42aae6b3f7a8a6e7e8b68/btrees-6.3.tar.gz", hash = "sha256:1606bdffa7ab28c6800984540b695eee848f6e15b0145d858ff4b0c6264e8ed2", size = 187252, upload-time = "2025-11-16T15:33:01.762Z" }
wheels = [
    { url = "https://files.pythonhosted.org/packages/5c/85/6924c3b7b471d2aeef12a1ab311e2a5c6b5048464991af5369105d24eb31/btrees-6.3-cp314-cp314-macosx_10_9_x86_64.whl", hash = "sha256:c841dfc36c036bac1236222c294de3917f97e8d236d59d815192445a707bd3e3", size = 1035626, upload-time = "2025-11-16T15:40:57.892Z" },
    { url = "https://files.pythonhosted.org/packages/d4/ef/27e23e6f35e5dabb0628a33c768b198db7ade1562fa57ebff3a997d57e08/btrees-6.3-cp314-cp314-macosx_11_0_arm64.whl", hash = "sha256:99fb532f4011cd7df0f6d6cf9236a34e9407113c5792739d9a951e56af38bdb1", size = 987628, upload-time = "2025-11-16T15:40:59.504Z" },
    { url = "https://files.pythonhosted.org/packages/95/96/3cbbe14b0b9412dce74af13648b576926d1cea5f25c4099135c745eedffb/btrees-6.3-cp314-cp314-manylinux1_i686.manylinux2014_i686.manylinux_2_17_i686.manylinux_2_5_i686.whl", hash = "sha256:61194dd0ab92f3f3e9cc5e947dbefeeca79d07fd0f65db7260c18797caac4c1f", size = 1365664, upload-time = "2025-11-16T15:41:00.732Z" },
    { url = "https://files.pythonhosted.org/packages/19/a3/2ad7a1747b022924ae9c93b9599a0a3ccab56bcf57ace09bf8136a30880a/btrees-6.3-cp314-cp314-manylinux2014_aarch64.manylinux_2_17_aarch64.whl", hash = "sha256:7f27f911f8ab782f5eb224fb71e585187d43870501b47046c75149e5e22c468e", size = 1149812, upload-time = "2025-11-16T15:41:02.303Z" },
    { url = "https://files.pythonhosted.org/packages/7d/ae/0801a04a39a08c375a7fc6c4396ee17eca40cc84954cf0e42ebb1c71628e/btrees-6.3-cp314-cp314-manylinux2014_x86_64.manylinux_2_17_x86_64.whl", hash = "sha256:87cf42a6248649cd94b3f2b3e37931a96fec68ce3d783f01a41b5750c56788e8", size = 1310729, upload-time = "2025-11-16T15:41:03.443Z" },
    { url = "https://files.pythonhosted.org/packages/c1/19/ca7d0c94bdea92b3eb34a3e5fd3ecff7176837659d760655aa682b91e4cd/btrees-6.3-cp314-cp314-win_amd64.whl", hash = "sha256:29a682c45bf5c655f75dcd23b2eda6843fc4b99021cd5dbae4a49aa234be7fd1", size = 1052926, upload-time = "2025-11-16T15:41:04.969Z" },
]

[[package]]
name = "certifi"
version = "2025.11.12"
source = { registry = "https://pypi.org/simple" }
sdist = { url = "https://files.pythonhosted.org/packages/a2/8c/58f469717fa48465e4a50c014a0400602d3c437d7c0c468e17ada824da3a/certifi-2025.11.12.tar.gz", hash = "sha256:d8ab5478f2ecd78af242878415affce761ca6bc54a22a27e026d7c25357c3316", size = 160538, upload-time = "2025-11-12T02:54:51.517Z" }
wheels = [
    { url = "https://files.pythonhosted.org/packages/70/7d/9bc192684cea499815ff478dfcdc13835ddf401365057044fb721ec6bddb/certifi-2025.11.12-py3-none-any.whl", hash = "sha256:97de8790030bbd5c2d96b7ec782fc2f7820ef8dba6db909ccf95449f2d062d4b", size = 159438, upload-time = "2025-11-12T02:54:49.735Z" },
]

[[package]]
name = "cffi"
version = "2.0.0"
source = { registry = "https://pypi.org/simple" }
dependencies = [
    { name = "pycparser", marker = "implementation_name != 'PyPy'" },
]
sdist = { url = "https://files.pythonhosted.org/packages/eb/56/b1ba7935a17738ae8453301356628e8147c79dbb825bcbc73dc7401f9846/cffi-2.0.0.tar.gz", hash = "sha256:44d1b5909021139fe36001ae048dbdde8214afa20200eda0f64c068cac5d5529", size = 523588, upload-time = "2025-09-08T23:24:04.541Z" }
wheels = [
    { url = "https://files.pythonhosted.org/packages/92/c4/3ce07396253a83250ee98564f8d7e9789fab8e58858f35d07a9a2c78de9f/cffi-2.0.0-cp314-cp314-macosx_10_13_x86_64.whl", hash = "sha256:fc33c5141b55ed366cfaad382df24fe7dcbc686de5be719b207bb248e3053dc5", size = 185320, upload-time = "2025-09-08T23:23:18.087Z" },
    { url = "https://files.pythonhosted.org/packages/59/dd/27e9fa567a23931c838c6b02d0764611c62290062a6d4e8ff7863daf9730/cffi-2.0.0-cp314-cp314-macosx_11_0_arm64.whl", hash = "sha256:c654de545946e0db659b3400168c9ad31b5d29593291482c43e3564effbcee13", size = 181487, upload-time = "2025-09-08T23:23:19.622Z" },
    { url = "https://files.pythonhosted.org/packages/d6/43/0e822876f87ea8a4ef95442c3d766a06a51fc5298823f884ef87aaad168c/cffi-2.0.0-cp314-cp314-manylinux2014_aarch64.manylinux_2_17_aarch64.whl", hash = "sha256:24b6f81f1983e6df8db3adc38562c83f7d4a0c36162885ec7f7b77c7dcbec97b", size = 220049, upload-time = "2025-09-08T23:23:20.853Z" },
    { url = "https://files.pythonhosted.org/packages/b4/89/76799151d9c2d2d1ead63c2429da9ea9d7aac304603de0c6e8764e6e8e70/cffi-2.0.0-cp314-cp314-manylinux2014_ppc64le.manylinux_2_17_ppc64le.whl", hash = "sha256:12873ca6cb9b0f0d3a0da705d6086fe911591737a59f28b7936bdfed27c0d47c", size = 207793, upload-time = "2025-09-08T23:23:22.08Z" },
    { url = "https://files.pythonhosted.org/packages/bb/dd/3465b14bb9e24ee24cb88c9e3730f6de63111fffe513492bf8c808a3547e/cffi-2.0.0-cp314-cp314-manylinux2014_s390x.manylinux_2_17_s390x.whl", hash = "sha256:d9b97165e8aed9272a6bb17c01e3cc5871a594a446ebedc996e2397a1c1ea8ef", size = 206300, upload-time = "2025-09-08T23:23:23.314Z" },
    { url = "https://files.pythonhosted.org/packages/47/d9/d83e293854571c877a92da46fdec39158f8d7e68da75bf73581225d28e90/cffi-2.0.0-cp314-cp314-manylinux2014_x86_64.manylinux_2_17_x86_64.whl", hash = "sha256:afb8db5439b81cf9c9d0c80404b60c3cc9c3add93e114dcae767f1477cb53775", size = 219244, upload-time = "2025-09-08T23:23:24.541Z" },
    { url = "https://files.pythonhosted.org/packages/2b/0f/1f177e3683aead2bb00f7679a16451d302c436b5cbf2505f0ea8146ef59e/cffi-2.0.0-cp314-cp314-musllinux_1_2_aarch64.whl", hash = "sha256:737fe7d37e1a1bffe70bd5754ea763a62a066dc5913ca57e957824b72a85e205", size = 222828, upload-time = "2025-09-08T23:23:26.143Z" },
    { url = "https://files.pythonhosted.org/packages/c6/0f/cafacebd4b040e3119dcb32fed8bdef8dfe94da653155f9d0b9dc660166e/cffi-2.0.0-cp314-cp314-musllinux_1_2_x86_64.whl", hash = "sha256:38100abb9d1b1435bc4cc340bb4489635dc2f0da7456590877030c9b3d40b0c1", size = 220926, upload-time = "2025-09-08T23:23:27.873Z" },
    { url = "https://files.pythonhosted.org/packages/3e/aa/df335faa45b395396fcbc03de2dfcab242cd61a9900e914fe682a59170b1/cffi-2.0.0-cp314-cp314-win32.whl", hash = "sha256:087067fa8953339c723661eda6b54bc98c5625757ea62e95eb4898ad5e776e9f", size = 175328, upload-time = "2025-09-08T23:23:44.61Z" },
    { url = "https://files.pythonhosted.org/packages/bb/92/882c2d30831744296ce713f0feb4c1cd30f346ef747b530b5318715cc367/cffi-2.0.0-cp314-cp314-win_amd64.whl", hash = "sha256:203a48d1fb583fc7d78a4c6655692963b860a417c0528492a6bc21f1aaefab25", size = 185650, upload-time = "2025-09-08T23:23:45.848Z" },
    { url = "https://files.pythonhosted.org/packages/9f/2c/98ece204b9d35a7366b5b2c6539c350313ca13932143e79dc133ba757104/cffi-2.0.0-cp314-cp314-win_arm64.whl", hash = "sha256:dbd5c7a25a7cb98f5ca55d258b103a2054f859a46ae11aaf23134f9cc0d356ad", size = 180687, upload-time = "2025-09-08T23:23:47.105Z" },
    { url = "https://files.pythonhosted.org/packages/3e/61/c768e4d548bfa607abcda77423448df8c471f25dbe64fb2ef6d555eae006/cffi-2.0.0-cp314-cp314t-macosx_10_13_x86_64.whl", hash = "sha256:9a67fc9e8eb39039280526379fb3a70023d77caec1852002b4da7e8b270c4dd9", size = 188773, upload-time = "2025-09-08T23:23:29.347Z" },
    { url = "https://files.pythonhosted.org/packages/2c/ea/5f76bce7cf6fcd0ab1a1058b5af899bfbef198bea4d5686da88471ea0336/cffi-2.0.0-cp314-cp314t-macosx_11_0_arm64.whl", hash = "sha256:7a66c7204d8869299919db4d5069a82f1561581af12b11b3c9f48c584eb8743d", size = 185013, upload-time = "2025-09-08T23:23:30.63Z" },
    { url = "https://files.pythonhosted.org/packages/be/b4/c56878d0d1755cf9caa54ba71e5d049479c52f9e4afc230f06822162ab2f/cffi-2.0.0-cp314-cp314t-manylinux2014_aarch64.manylinux_2_17_aarch64.whl", hash = "sha256:7cc09976e8b56f8cebd752f7113ad07752461f48a58cbba644139015ac24954c", size = 221593, upload-time = "2025-09-08T23:23:31.91Z" },
    { url = "https://files.pythonhosted.org/packages/e0/0d/eb704606dfe8033e7128df5e90fee946bbcb64a04fcdaa97321309004000/cffi-2.0.0-cp314-cp314t-manylinux2014_ppc64le.manylinux_2_17_ppc64le.whl", hash = "sha256:92b68146a71df78564e4ef48af17551a5ddd142e5190cdf2c5624d0c3ff5b2e8", size = 209354, upload-time = "2025-09-08T23:23:33.214Z" },
    { url = "https://files.pythonhosted.org/packages/d8/19/3c435d727b368ca475fb8742ab97c9cb13a0de600ce86f62eab7fa3eea60/cffi-2.0.0-cp314-cp314t-manylinux2014_s390x.manylinux_2_17_s390x.whl", hash = "sha256:b1e74d11748e7e98e2f426ab176d4ed720a64412b6a15054378afdb71e0f37dc", size = 208480, upload-time = "2025-09-08T23:23:34.495Z" },
    { url = "https://files.pythonhosted.org/packages/d0/44/681604464ed9541673e486521497406fadcc15b5217c3e326b061696899a/cffi-2.0.0-cp314-cp314t-manylinux2014_x86_64.manylinux_2_17_x86_64.whl", hash = "sha256:28a3a209b96630bca57cce802da70c266eb08c6e97e5afd61a75611ee6c64592", size = 221584, upload-time = "2025-09-08T23:23:36.096Z" },
    { url = "https://files.pythonhosted.org/packages/25/8e/342a504ff018a2825d395d44d63a767dd8ebc927ebda557fecdaca3ac33a/cffi-2.0.0-cp314-cp314t-musllinux_1_2_aarch64.whl", hash = "sha256:7553fb2090d71822f02c629afe6042c299edf91ba1bf94951165613553984512", size = 224443, upload-time = "2025-09-08T23:23:37.328Z" },
    { url = "https://files.pythonhosted.org/packages/e1/5e/b666bacbbc60fbf415ba9988324a132c9a7a0448a9a8f125074671c0f2c3/cffi-2.0.0-cp314-cp314t-musllinux_1_2_x86_64.whl", hash = "sha256:6c6c373cfc5c83a975506110d17457138c8c63016b563cc9ed6e056a82f13ce4", size = 223437, upload-time = "2025-09-08T23:23:38.945Z" },
    { url = "https://files.pythonhosted.org/packages/a0/1d/ec1a60bd1a10daa292d3cd6bb0b359a81607154fb8165f3ec95fe003b85c/cffi-2.0.0-cp314-cp314t-win32.whl", hash = "sha256:1fc9ea04857caf665289b7a75923f2c6ed559b8298a1b8c49e59f7dd95c8481e", size = 180487, upload-time = "2025-09-08T23:23:40.423Z" },
    { url = "https://files.pythonhosted.org/packages/bf/41/4c1168c74fac325c0c8156f04b6749c8b6a8f405bbf91413ba088359f60d/cffi-2.0.0-cp314-cp314t-win_amd64.whl", hash = "sha256:d68b6cef7827e8641e8ef16f4494edda8b36104d79773a334beaa1e3521430f6", size = 191726, upload-time = "2025-09-08T23:23:41.742Z" },
    { url = "https://files.pythonhosted.org/packages/ae/3a/dbeec9d1ee0844c679f6bb5d6ad4e9f198b1224f4e7a32825f47f6192b0c/cffi-2.0.0-cp314-cp314t-win_arm64.whl", hash = "sha256:0a1527a803f0a659de1af2e1fd700213caba79377e27e4693648c2923da066f9", size = 184195, upload-time = "2025-09-08T23:23:43.004Z" },
]

[[package]]
name = "charset-normalizer"
version = "3.4.4"
source = { registry = "https://pypi.org/simple" }
sdist = { url = "https://files.pythonhosted.org/packages/13/69/33ddede1939fdd074bce5434295f38fae7136463422fe4fd3e0e89b98062/charset_normalizer-3.4.4.tar.gz", hash = "sha256:94537985111c35f28720e43603b8e7b43a6ecfb2ce1d3058bbe955b73404e21a", size = 129418, upload-time = "2025-10-14T04:42:32.879Z" }
wheels = [
    { url = "https://files.pythonhosted.org/packages/2a/35/7051599bd493e62411d6ede36fd5af83a38f37c4767b92884df7301db25d/charset_normalizer-3.4.4-cp314-cp314-macosx_10_13_universal2.whl", hash = "sha256:da3326d9e65ef63a817ecbcc0df6e94463713b754fe293eaa03da99befb9a5bd", size = 207746, upload-time = "2025-10-14T04:41:33.773Z" },
    { url = "https://files.pythonhosted.org/packages/10/9a/97c8d48ef10d6cd4fcead2415523221624bf58bcf68a802721a6bc807c8f/charset_normalizer-3.4.4-cp314-cp314-manylinux2014_aarch64.manylinux_2_17_aarch64.manylinux_2_28_aarch64.whl", hash = "sha256:8af65f14dc14a79b924524b1e7fffe304517b2bff5a58bf64f30b98bbc5079eb", size = 147889, upload-time = "2025-10-14T04:41:34.897Z" },
    { url = "https://files.pythonhosted.org/packages/10/bf/979224a919a1b606c82bd2c5fa49b5c6d5727aa47b4312bb27b1734f53cd/charset_normalizer-3.4.4-cp314-cp314-manylinux2014_armv7l.manylinux_2_17_armv7l.manylinux_2_31_armv7l.whl", hash = "sha256:74664978bb272435107de04e36db5a9735e78232b85b77d45cfb38f758efd33e", size = 143641, upload-time = "2025-10-14T04:41:36.116Z" },
    { url = "https://files.pythonhosted.org/packages/ba/33/0ad65587441fc730dc7bd90e9716b30b4702dc7b617e6ba4997dc8651495/charset_normalizer-3.4.4-cp314-cp314-manylinux2014_ppc64le.manylinux_2_17_ppc64le.manylinux_2_28_ppc64le.whl", hash = "sha256:752944c7ffbfdd10c074dc58ec2d5a8a4cd9493b314d367c14d24c17684ddd14", size = 160779, upload-time = "2025-10-14T04:41:37.229Z" },
    { url = "https://files.pythonhosted.org/packages/67/ed/331d6b249259ee71ddea93f6f2f0a56cfebd46938bde6fcc6f7b9a3d0e09/charset_normalizer-3.4.4-cp314-cp314-manylinux2014_s390x.manylinux_2_17_s390x.manylinux_2_28_s390x.whl", hash = "sha256:d1f13550535ad8cff21b8d757a3257963e951d96e20ec82ab44bc64aeb62a191", size = 159035, upload-time = "2025-10-14T04:41:38.368Z" },
    { url = "https://files.pythonhosted.org/packages/67/ff/f6b948ca32e4f2a4576aa129d8bed61f2e0543bf9f5f2b7fc3758ed005c9/charset_normalizer-3.4.4-cp314-cp314-manylinux2014_x86_64.manylinux_2_17_x86_64.manylinux_2_28_x86_64.whl", hash = "sha256:ecaae4149d99b1c9e7b88bb03e3221956f68fd6d50be2ef061b2381b61d20838", size = 152542, upload-time = "2025-10-14T04:41:39.862Z" },
    { url = "https://files.pythonhosted.org/packages/16/85/276033dcbcc369eb176594de22728541a925b2632f9716428c851b149e83/charset_normalizer-3.4.4-cp314-cp314-manylinux_2_31_riscv64.manylinux_2_39_riscv64.whl", hash = "sha256:cb6254dc36b47a990e59e1068afacdcd02958bdcce30bb50cc1700a8b9d624a6", size = 149524, upload-time = "2025-10-14T04:41:41.319Z" },
    { url = "https://files.pythonhosted.org/packages/9e/f2/6a2a1f722b6aba37050e626530a46a68f74e63683947a8acff92569f979a/charset_normalizer-3.4.4-cp314-cp314-musllinux_1_2_aarch64.whl", hash = "sha256:c8ae8a0f02f57a6e61203a31428fa1d677cbe50c93622b4149d5c0f319c1d19e", size = 150395, upload-time = "2025-10-14T04:41:42.539Z" },
    { url = "https://files.pythonhosted.org/packages/60/bb/2186cb2f2bbaea6338cad15ce23a67f9b0672929744381e28b0592676824/charset_normalizer-3.4.4-cp314-cp314-musllinux_1_2_armv7l.whl", hash = "sha256:47cc91b2f4dd2833fddaedd2893006b0106129d4b94fdb6af1f4ce5a9965577c", size = 143680, upload-time = "2025-10-14T04:41:43.661Z" },
    { url = "https://files.pythonhosted.org/packages/7d/a5/bf6f13b772fbb2a90360eb620d52ed8f796f3c5caee8398c3b2eb7b1c60d/charset_normalizer-3.4.4-cp314-cp314-musllinux_1_2_ppc64le.whl", hash = "sha256:82004af6c302b5d3ab2cfc4cc5f29db16123b1a8417f2e25f9066f91d4411090", size = 162045, upload-time = "2025-10-14T04:41:44.821Z" },
    { url = "https://files.pythonhosted.org/packages/df/c5/d1be898bf0dc3ef9030c3825e5d3b83f2c528d207d246cbabe245966808d/charset_normalizer-3.4.4-cp314-cp314-musllinux_1_2_riscv64.whl", hash = "sha256:2b7d8f6c26245217bd2ad053761201e9f9680f8ce52f0fcd8d0755aeae5b2152", size = 149687, upload-time = "2025-10-14T04:41:46.442Z" },
    { url = "https://files.pythonhosted.org/packages/a5/42/90c1f7b9341eef50c8a1cb3f098ac43b0508413f33affd762855f67a410e/charset_normalizer-3.4.4-cp314-cp314-musllinux_1_2_s390x.whl", hash = "sha256:799a7a5e4fb2d5898c60b640fd4981d6a25f1c11790935a44ce38c54e985f828", size = 160014, upload-time = "2025-10-14T04:41:47.631Z" },
    { url = "https://files.pythonhosted.org/packages/76/be/4d3ee471e8145d12795ab655ece37baed0929462a86e72372fd25859047c/charset_normalizer-3.4.4-cp314-cp314-musllinux_1_2_x86_64.whl", hash = "sha256:99ae2cffebb06e6c22bdc25801d7b30f503cc87dbd283479e7b606f70aff57ec", size = 154044, upload-time = "2025-10-14T04:41:48.81Z" },
    { url = "https://files.pythonhosted.org/packages/b0/6f/8f7af07237c34a1defe7defc565a9bc1807762f672c0fde711a4b22bf9c0/charset_normalizer-3.4.4-cp314-cp314-win32.whl", hash = "sha256:f9d332f8c2a2fcbffe1378594431458ddbef721c1769d78e2cbc06280d8155f9", size = 99940, upload-time = "2025-10-14T04:41:49.946Z" },
    { url = "https://files.pythonhosted.org/packages/4b/51/8ade005e5ca5b0d80fb4aff72a3775b325bdc3d27408c8113811a7cbe640/charset_normalizer-3.4.4-cp314-cp314-win_amd64.whl", hash = "sha256:8a6562c3700cce886c5be75ade4a5db4214fda19fede41d9792d100288d8f94c", size = 107104, upload-time = "2025-10-14T04:41:51.051Z" },
    { url = "https://files.pythonhosted.org/packages/da/5f/6b8f83a55bb8278772c5ae54a577f3099025f9ade59d0136ac24a0df4bde/charset_normalizer-3.4.4-cp314-cp314-win_arm64.whl", hash = "sha256:de00632ca48df9daf77a2c65a484531649261ec9f25489917f09e455cb09ddb2", size = 100743, upload-time = "2025-10-14T04:41:52.122Z" },
    { url = "https://files.pythonhosted.org/packages/0a/4c/925909008ed5a988ccbb72dcc897407e5d6d3bd72410d69e051fc0c14647/charset_normalizer-3.4.4-py3-none-any.whl", hash = "sha256:7a32c560861a02ff789ad905a2fe94e3f840803362c84fecf1851cb4cf3dc37f", size = 53402, upload-time = "2025-10-14T04:42:31.76Z" },
]

[[package]]
name = "idna"
version = "3.11"
source = { registry = "https://pypi.org/simple" }
sdist = { url = "https://files.pythonhosted.org/packages/6f/6d/0703ccc57f3a7233505399edb88de3cbd678da106337b9fcde432b65ed60/idna-3.11.tar.gz", hash = "sha256:795dafcc9c04ed0c1fb032c2aa73654d8e8c5023a7df64a53f39190ada629902", size = 194582, upload-time = "2025-10-12T14:55:20.501Z" }
wheels = [
    { url = "https://files.pythonhosted.org/packages/0e/61/66938bbb5fc52dbdf84594873d5b51fb1f7c7794e9c0f5bd885f30bc507b/idna-3.11-py3-none-any.whl", hash = "sha256:771a87f49d9defaf64091e6e6fe9c18d4833f140bd19464795bc32d966ca37ea", size = 71008, upload-time = "2025-10-12T14:55:18.883Z" },
]

[[package]]
name = "mtgtool"
version = "0.1.0"
source = { virtual = "." }
dependencies = [
    { name = "mtgtools" },
    { name = "pillow" },
    { name = "requests" },
    { name = "zodb" },
]

[package.metadata]
requires-dist = [
    { name = "mtgtools", specifier = ">=0.9.71" },
    { name = "pillow", specifier = ">=12.0.0" },
    { name = "requests", specifier = ">=2.32.5" },
    { name = "zodb", specifier = ">=6.1" },
]

[[package]]
name = "mtgtools"
version = "0.9.71"
source = { registry = "https://pypi.org/simple" }
dependencies = [
    { name = "pillow" },
    { name = "requests" },
    { name = "zodb" },
]
sdist = { url = "https://files.pythonhosted.org/packages/ae/e7/b371ce2537dd4406d9088fe41b5a78a3bf6a180e1d572512a2e27d673777/mtgtools-0.9.71.tar.gz", hash = "sha256:31a837c49bf891d1ef0107f64398a9ca1250e6a848dbc91d9b43dfba02b44cf4", size = 71859, upload-time = "2024-06-20T15:56:31.117Z" }
wheels = [
    { url = "https://files.pythonhosted.org/packages/6d/1e/3cc48023f553087d91bcd503b6de3e23fd1015a98ef6fffc5d44c2e5da60/mtgtools-0.9.71-py2.py3-none-any.whl", hash = "sha256:5048b2df8795fadaf3f6a2d171b5e231769bb6004a7320377e006c83b90d94fb", size = 52299, upload-time = "2024-06-20T15:56:29.767Z" },
]

[[package]]
name = "persistent"
version = "6.5"
source = { registry = "https://pypi.org/simple" }
dependencies = [
    { name = "cffi", marker = "platform_python_implementation == 'CPython'" },
    { name = "zope-deferredimport" },
    { name = "zope-interface" },
]
sdist = { url = "https://files.pythonhosted.org/packages/57/52/d8c84a4e319dae4d4c0976754ab39eac376f6bb4ac78c5877940c55014b6/persistent-6.5.tar.gz", hash = "sha256:47092215965329865105c48c1524e9d2617aa3cf0835ac625c379404f6cbdbdf", size = 109295, upload-time = "2025-11-18T09:04:50.752Z" }
wheels = [
    { url = "https://files.pythonhosted.org/packages/cb/1e/33197673b46d320d1d683ac18fbf4a1bc973070f89ca390a1e6c528d182b/persistent-6.5-cp314-cp314-macosx_10_9_x86_64.whl", hash = "sha256:8a8f34234f99c0caafdcf3853441a61a16cbfda24fa1a39bbfdb9a801029ea32", size = 140036, upload-time = "2025-11-18T09:09:03.527Z" },
    { url = "https://files.pythonhosted.org/packages/36/d8/967d8074637dbf228f6299650b5669f0134f1f6894ace37267212d330cbd/persistent-6.5-cp314-cp314-macosx_11_0_arm64.whl", hash = "sha256:a5cba87ca5bea65716f952d9d05953f2e56856c5af87b3a910b0701c72be473a", size = 141757, upload-time = "2025-11-18T09:09:04.499Z" },
    { url = "https://files.pythonhosted.org/packages/ee/1a/5d0faf8122bf0c15a4fb4d14596a99ef4c41d8009170af40944bd88c2bda/persistent-6.5-cp314-cp314-manylinux1_i686.manylinux2014_i686.manylinux_2_17_i686.manylinux_2_5_i686.whl", hash = "sha256:52c97440841270b834a82d44ca0edbc767715689fa247ec9fd9be1313c3d6be6", size = 223581, upload-time = "2025-11-18T09:09:05.778Z" },
    { url = "https://files.pythonhosted.org/packages/cf/90/c3c51f84af3daeccee5c726c706e4931b57110cb4a2151f31464ca19be82/persistent-6.5-cp314-cp314-manylinux1_x86_64.manylinux2014_x86_64.manylinux_2_17_x86_64.manylinux_2_5_x86_64.whl", hash = "sha256:31632b98ed156ea92c13d4df9ec8ac9d44a2f5beed0cbdca592913f93fe79a2b", size = 232041, upload-time = "2025-11-18T09:09:06.904Z" },
    { url = "https://files.pythonhosted.org/packages/ac/9b/ab339aed22b374cf7737618893b1e3c96097e96e1e15cbeecb23df009176/persistent-6.5-cp314-cp314-manylinux2014_aarch64.manylinux_2_17_aarch64.whl", hash = "sha256:aa141bdab5a03c9b8910e8d02d1c33645796f1e60a5799fa3e17f19bee4674a0", size = 235234, upload-time = "2025-11-18T09:09:07.918Z" },
    { url = "https://files.pythonhosted.org/packages/0f/66/b492adff11efcc6263eb860c23dfc7fae476a6ac43fc1bf186493428de50/persistent-6.5-cp314-cp314-win_amd64.whl", hash = "sha256:5d6346b91e9666aea4c8b5bcf4db0fe702eb04279a3c752f8b4c2a1270a0dcdf", size = 123039, upload-time = "2025-11-18T09:09:08.991Z" },
]

[[package]]
name = "pillow"
version = "12.0.0"
source = { registry = "https://pypi.org/simple" }
sdist = { url = "https://files.pythonhosted.org/packages/5a/b0/cace85a1b0c9775a9f8f5d5423c8261c858760e2466c79b2dd184638b056/pillow-12.0.0.tar.gz", hash = "sha256:87d4f8125c9988bfbed67af47dd7a953e2fc7b0cc1e7800ec6d2080d490bb353", size = 47008828, upload-time = "2025-10-15T18:24:14.008Z" }
wheels = [
    { url = "https://files.pythonhosted.org/packages/54/2a/9a8c6ba2c2c07b71bec92cf63e03370ca5e5f5c5b119b742bcc0cde3f9c5/pillow-12.0.0-cp314-cp314-ios_13_0_arm64_iphoneos.whl", hash = "sha256:beeae3f27f62308f1ddbcfb0690bf44b10732f2ef43758f169d5e9303165d3f9", size = 4045531, upload-time = "2025-10-15T18:23:10.121Z" },
    { url = "https://files.pythonhosted.org/packages/84/54/836fdbf1bfb3d66a59f0189ff0b9f5f666cee09c6188309300df04ad71fa/pillow-12.0.0-cp314-cp314-ios_13_0_arm64_iphonesimulator.whl", hash = "sha256:d4827615da15cd59784ce39d3388275ec093ae3ee8d7f0c089b76fa87af756c2", size = 4120554, upload-time = "2025-10-15T18:23:12.14Z" },
    { url = "https://files.pythonhosted.org/packages/0d/cd/16aec9f0da4793e98e6b54778a5fbce4f375c6646fe662e80600b8797379/pillow-12.0.0-cp314-cp314-ios_13_0_x86_64_iphonesimulator.whl", hash = "sha256:3e42edad50b6909089750e65c91aa09aaf1e0a71310d383f11321b27c224ed8a", size = 3576812, upload-time = "2025-10-15T18:23:13.962Z" },
    { url = "https://files.pythonhosted.org/packages/f6/b7/13957fda356dc46339298b351cae0d327704986337c3c69bb54628c88155/pillow-12.0.0-cp314-cp314-macosx_10_15_x86_64.whl", hash = "sha256:e5d8efac84c9afcb40914ab49ba063d94f5dbdf5066db4482c66a992f47a3a3b", size = 5252689, upload-time = "2025-10-15T18:23:15.562Z" },
    { url = "https://files.pythonhosted.org/packages/fc/f5/eae31a306341d8f331f43edb2e9122c7661b975433de5e447939ae61c5da/pillow-12.0.0-cp314-cp314-macosx_11_0_arm64.whl", hash = "sha256:266cd5f2b63ff316d5a1bba46268e603c9caf5606d44f38c2873c380950576ad", size = 4650186, upload-time = "2025-10-15T18:23:17.379Z" },
    { url = "https://files.pythonhosted.org/packages/86/62/2a88339aa40c4c77e79108facbd307d6091e2c0eb5b8d3cf4977cfca2fe6/pillow-12.0.0-cp314-cp314-manylinux2014_aarch64.manylinux_2_17_aarch64.whl", hash = "sha256:58eea5ebe51504057dd95c5b77d21700b77615ab0243d8152793dc00eb4faf01", size = 6230308, upload-time = "2025-10-15T18:23:18.971Z" },
    { url = "https://files.pythonhosted.org/packages/c7/33/5425a8992bcb32d1cb9fa3dd39a89e613d09a22f2c8083b7bf43c455f760/pillow-12.0.0-cp314-cp314-manylinux2014_x86_64.manylinux_2_17_x86_64.whl", hash = "sha256:f13711b1a5ba512d647a0e4ba79280d3a9a045aaf7e0cc6fbe96b91d4cdf6b0c", size = 8039222, upload-time = "2025-10-15T18:23:20.909Z" },
    { url = "https://files.pythonhosted.org/packages/d8/61/3f5d3b35c5728f37953d3eec5b5f3e77111949523bd2dd7f31a851e50690/pillow-12.0.0-cp314-cp314-manylinux_2_27_aarch64.manylinux_2_28_aarch64.whl", hash = "sha256:6846bd2d116ff42cba6b646edf5bf61d37e5cbd256425fa089fee4ff5c07a99e", size = 6346657, upload-time = "2025-10-15T18:23:23.077Z" },
    { url = "https://files.pythonhosted.org/packages/3a/be/ee90a3d79271227e0f0a33c453531efd6ed14b2e708596ba5dd9be948da3/pillow-12.0.0-cp314-cp314-manylinux_2_27_x86_64.manylinux_2_28_x86_64.whl", hash = "sha256:c98fa880d695de164b4135a52fd2e9cd7b7c90a9d8ac5e9e443a24a95ef9248e", size = 7038482, upload-time = "2025-10-15T18:23:25.005Z" },
    { url = "https://files.pythonhosted.org/packages/44/34/a16b6a4d1ad727de390e9bd9f19f5f669e079e5826ec0f329010ddea492f/pillow-12.0.0-cp314-cp314-musllinux_1_2_aarch64.whl", hash = "sha256:fa3ed2a29a9e9d2d488b4da81dcb54720ac3104a20bf0bd273f1e4648aff5af9", size = 6461416, upload-time = "2025-10-15T18:23:27.009Z" },
    { url = "https://files.pythonhosted.org/packages/b6/39/1aa5850d2ade7d7ba9f54e4e4c17077244ff7a2d9e25998c38a29749eb3f/pillow-12.0.0-cp314-cp314-musllinux_1_2_x86_64.whl", hash = "sha256:d034140032870024e6b9892c692fe2968493790dd57208b2c37e3fb35f6df3ab", size = 7131584, upload-time = "2025-10-15T18:23:29.752Z" },
    { url = "https://files.pythonhosted.org/packages/bf/db/4fae862f8fad0167073a7733973bfa955f47e2cac3dc3e3e6257d10fab4a/pillow-12.0.0-cp314-cp314-win32.whl", hash = "sha256:1b1b133e6e16105f524a8dec491e0586d072948ce15c9b914e41cdadd209052b", size = 6400621, upload-time = "2025-10-15T18:23:32.06Z" },
    { url = "https://files.pythonhosted.org/packages/2b/24/b350c31543fb0107ab2599464d7e28e6f856027aadda995022e695313d94/pillow-12.0.0-cp314-cp314-win_amd64.whl", hash = "sha256:8dc232e39d409036af549c86f24aed8273a40ffa459981146829a324e0848b4b", size = 7142916, upload-time = "2025-10-15T18:23:34.71Z" },
    { url = "https://files.pythonhosted.org/packages/0f/9b/0ba5a6fd9351793996ef7487c4fdbde8d3f5f75dbedc093bb598648fddf0/pillow-12.0.0-cp314-cp314-win_arm64.whl", hash = "sha256:d52610d51e265a51518692045e372a4c363056130d922a7351429ac9f27e70b0", size = 2523836, upload-time = "2025-10-15T18:23:36.967Z" },
    { url = "https://files.pythonhosted.org/packages/f5/7a/ceee0840aebc579af529b523d530840338ecf63992395842e54edc805987/pillow-12.0.0-cp314-cp314t-macosx_10_15_x86_64.whl", hash = "sha256:1979f4566bb96c1e50a62d9831e2ea2d1211761e5662afc545fa766f996632f6", size = 5255092, upload-time = "2025-10-15T18:23:38.573Z" },
    { url = "https://files.pythonhosted.org/packages/44/76/20776057b4bfd1aef4eeca992ebde0f53a4dce874f3ae693d0ec90a4f79b/pillow-12.0.0-cp314-cp314t-macosx_11_0_arm64.whl", hash = "sha256:b2e4b27a6e15b04832fe9bf292b94b5ca156016bbc1ea9c2c20098a0320d6cf6", size = 4653158, upload-time = "2025-10-15T18:23:40.238Z" },
    { url = "https://files.pythonhosted.org/packages/82/3f/d9ff92ace07be8836b4e7e87e6a4c7a8318d47c2f1463ffcf121fc57d9cb/pillow-12.0.0-cp314-cp314t-manylinux2014_aarch64.manylinux_2_17_aarch64.whl", hash = "sha256:fb3096c30df99fd01c7bf8e544f392103d0795b9f98ba71a8054bcbf56b255f1", size = 6267882, upload-time = "2025-10-15T18:23:42.434Z" },
    { url = "https://files.pythonhosted.org/packages/9f/7a/4f7ff87f00d3ad33ba21af78bfcd2f032107710baf8280e3722ceec28cda/pillow-12.0.0-cp314-cp314t-manylinux2014_x86_64.manylinux_2_17_x86_64.whl", hash = "sha256:7438839e9e053ef79f7112c881cef684013855016f928b168b81ed5835f3e75e", size = 8071001, upload-time = "2025-10-15T18:23:44.29Z" },
    { url = "https://files.pythonhosted.org/packages/75/87/fcea108944a52dad8cca0715ae6247e271eb80459364a98518f1e4f480c1/pillow-12.0.0-cp314-cp314t-manylinux_2_27_aarch64.manylinux_2_28_aarch64.whl", hash = "sha256:5d5c411a8eaa2299322b647cd932586b1427367fd3184ffbb8f7a219ea2041ca", size = 6380146, upload-time = "2025-10-15T18:23:46.065Z" },
    { url = "https://files.pythonhosted.org/packages/91/52/0d31b5e571ef5fd111d2978b84603fce26aba1b6092f28e941cb46570745/pillow-12.0.0-cp314-cp314t-manylinux_2_27_x86_64.manylinux_2_28_x86_64.whl", hash = "sha256:d7e091d464ac59d2c7ad8e7e08105eaf9dafbc3883fd7265ffccc2baad6ac925", size = 7067344, upload-time = "2025-10-15T18:23:47.898Z" },
    { url = "https://files.pythonhosted.org/packages/7b/f4/2dd3d721f875f928d48e83bb30a434dee75a2531bca839bb996bb0aa5a91/pillow-12.0.0-cp314-cp314t-musllinux_1_2_aarch64.whl", hash = "sha256:792a2c0be4dcc18af9d4a2dfd8a11a17d5e25274a1062b0ec1c2d79c76f3e7f8", size = 6491864, upload-time = "2025-10-15T18:23:49.607Z" },
    { url = "https://files.pythonhosted.org/packages/30/4b/667dfcf3d61fc309ba5a15b141845cece5915e39b99c1ceab0f34bf1d124/pillow-12.0.0-cp314-cp314t-musllinux_1_2_x86_64.whl", hash = "sha256:afbefa430092f71a9593a99ab6a4e7538bc9eabbf7bf94f91510d3503943edc4", size = 7158911, upload-time = "2025-10-15T18:23:51.351Z" },
    { url = "https://files.pythonhosted.org/packages/a2/2f/16cabcc6426c32218ace36bf0d55955e813f2958afddbf1d391849fee9d1/pillow-12.0.0-cp314-cp314t-win32.whl", hash = "sha256:3830c769decf88f1289680a59d4f4c46c72573446352e2befec9a8512104fa52", size = 6408045, upload-time = "2025-10-15T18:23:53.177Z" },
    { url = "https://files.pythonhosted.org/packages/35/73/e29aa0c9c666cf787628d3f0dcf379f4791fba79f4936d02f8b37165bdf8/pillow-12.0.0-cp314-cp314t-win_amd64.whl", hash = "sha256:905b0365b210c73afb0ebe9101a32572152dfd1c144c7e28968a331b9217b94a", size = 7148282, upload-time = "2025-10-15T18:23:55.316Z" },
    { url = "https://files.pythonhosted.org/packages/c1/70/6b41bdcddf541b437bbb9f47f94d2db5d9ddef6c37ccab8c9107743748a4/pillow-12.0.0-cp314-cp314t-win_arm64.whl", hash = "sha256:99353a06902c2e43b43e8ff74ee65a7d90307d82370604746738a1e0661ccca7", size = 2525630, upload-time = "2025-10-15T18:23:57.149Z" },
]

[[package]]
name = "pycparser"
version = "2.23"
source = { registry = "https://pypi.org/simple" }
sdist = { url = "https://files.pythonhosted.org/packages/fe/cf/d2d3b9f5699fb1e4615c8e32ff220203e43b248e1dfcc6736ad9057731ca/pycparser-2.23.tar.gz", hash = "sha256:78816d4f24add8f10a06d6f05b4d424ad9e96cfebf68a4ddc99c65c0720d00c2", size = 173734, upload-time = "2025-09-09T13:23:47.91Z" }
wheels = [
    { url = "https://files.pythonhosted.org/packages/a0/e3/59cd50310fc9b59512193629e1984c1f95e5c8ae6e5d8c69532ccc65a7fe/pycparser-2.23-py3-none-any.whl", hash = "sha256:e5c6e8d3fbad53479cab09ac03729e0a9faf2bee3db8208a550daf5af81a5934", size = 118140, upload-time = "2025-09-09T13:23:46.651Z" },
]

[[package]]
name = "requests"
version = "2.32.5"
source = { registry = "https://pypi.org/simple" }
dependencies = [
    { name = "certifi" },
    { name = "charset-normalizer" },
    { name = "idna" },
    { name = "urllib3" },
]
sdist = { url = "https://files.pythonhosted.org/packages/c9/74/b3ff8e6c8446842c3f5c837e9c3dfcfe2018ea6ecef224c710c85ef728f4/requests-2.32.5.tar.gz", hash = "sha256:dbba0bac56e100853db0ea71b82b4dfd5fe2bf6d3754a8893c3af500cec7d7cf", size = 134517, upload-time = "2025-08-18T20:46:02.573Z" }
wheels = [
    { url = "https://files.pythonhosted.org/packages/1e/db/4254e3eabe8020b458f1a747140d32277ec7a271daf1d235b70dc0b4e6e3/requests-2.32.5-py3-none-any.whl", hash = "sha256:2462f94637a34fd532264295e186976db0f5d453d1cdd31473c85a6a161affb6", size = 64738, upload-time = "2025-08-18T20:46:00.542Z" },
]

[[package]]
name = "setuptools"
version = "80.9.0"
source = { registry = "https://pypi.org/simple" }
sdist = { url = "https://files.pythonhosted.org/packages/18/5d/3bf57dcd21979b887f014ea83c24ae194cfcd12b9e0fda66b957c69d1fca/setuptools-80.9.0.tar.gz", hash = "sha256:f36b47402ecde768dbfafc46e8e4207b4360c654f1f3bb84475f0a28628fb19c", size = 1319958, upload-time = "2025-05-27T00:56:51.443Z" }
wheels = [
    { url = "https://files.pythonhosted.org/packages/a3/dc/17031897dae0efacfea57dfd3a82fdd2a2aeb58e0ff71b77b87e44edc772/setuptools-80.9.0-py3-none-any.whl", hash = "sha256:062d34222ad13e0cc312a4c02d73f059e86a4acbfbdea8f8f76b28c99f306922", size = 1201486, upload-time = "2025-05-27T00:56:49.664Z" },
]

[[package]]
name = "transaction"
version = "5.0"
source = { registry = "https://pypi.org/simple" }
dependencies = [
    { name = "zope-interface" },
]
sdist = { url = "https://files.pythonhosted.org/packages/ef/fe/37ef03bdecfb078053421dc7ba2ed974c57e22548f2bd235a9ec5cd8efbb/transaction-5.0.tar.gz", hash = "sha256:106e7bd782bcc0cb5119fc9225b0c9a71dfc53adb938be905223adaef22b1174", size = 87121, upload-time = "2024-09-18T07:25:05.921Z" }
wheels = [
    { url = "https://files.pythonhosted.org/packages/ae/2a/b531f79737312fedf0af878e38bfd42be3a31a7cc74bc89c5f22173ce2ad/transaction-5.0-py3-none-any.whl", hash = "sha256:b4c0b2d49a042d86235fa76531c3356b66d7635bb0e9f29ba2512915fc7b7a42", size = 46295, upload-time = "2024-09-18T07:25:03.686Z" },
]

[[package]]
name = "urllib3"
version = "2.6.2"
source = { registry = "https://pypi.org/simple" }
sdist = { url = "https://files.pythonhosted.org/packages/1e/24/a2a2ed9addd907787d7aa0355ba36a6cadf1768b934c652ea78acbd59dcd/urllib3-2.6.2.tar.gz", hash = "sha256:016f9c98bb7e98085cb2b4b17b87d2c702975664e4f060c6532e64d1c1a5e797", size = 432930, upload-time = "2025-12-11T15:56:40.252Z" }
wheels = [
    { url = "https://files.pythonhosted.org/packages/6d/b9/4095b668ea3678bf6a0af005527f39de12fb026516fb3df17495a733b7f8/urllib3-2.6.2-py3-none-any.whl", hash = "sha256:ec21cddfe7724fc7cb4ba4bea7aa8e2ef36f607a4bab81aa6ce42a13dc3f03dd", size = 131182, upload-time = "2025-12-11T15:56:38.584Z" },
]

[[package]]
name = "zc-lockfile"
version = "4.0"
source = { registry = "https://pypi.org/simple" }
dependencies = [
    { name = "setuptools" },
]
sdist = { url = "https://files.pythonhosted.org/packages/10/9a/2fef89272d98b799e4daa50201c5582ec76bdd4e92a1a7e3deb74c52b7fa/zc_lockfile-4.0.tar.gz", hash = "sha256:d3ab0f53974296a806db3219b9191ba0e6d5cbbd1daa2e0d17208cb9b29d2102", size = 10956, upload-time = "2025-09-18T07:32:34.412Z" }
wheels = [
    { url = "https://files.pythonhosted.org/packages/3b/7f/3a614b65bc4b181578b1d50a78663ee02d5d2d3b859712f3d3597c8afe6f/zc_lockfile-4.0-py3-none-any.whl", hash = "sha256:aa3aa295257bebaa09ea9ad5cb288bf9f98f88de6932f96b6659f62715d83581", size = 9143, upload-time = "2025-09-18T07:32:33.517Z" },
]

[[package]]
name = "zconfig"
version = "4.3"
source = { registry = "https://pypi.org/simple" }
sdist = { url = "https://files.pythonhosted.org/packages/f1/20/03b597f4a0c8c9ffd8c65acfb85b5d91bb2dd3f3c07b5a1363dc23d88c8c/zconfig-4.3.tar.gz", hash = "sha256:472233e515fa29be6c873e78b8a2b450c2cd25d0133cb45960837f33f1ab4fe3", size = 128126, upload-time = "2025-11-21T10:54:41.544Z" }
wheels = [
    { url = "https://files.pythonhosted.org/packages/d7/e0/b52fc7d0e080f3de4aead7de6f2ab1eb092b52cce80cab2d418452e28642/zconfig-4.3-py3-none-any.whl", hash = "sha256:988c64417c9255011321ba25d1eb7639fa5d0a5c657e13cacd7837e28766867e", size = 131523, upload-time = "2025-11-21T10:54:40.067Z" },
]

[[package]]
name = "zodb"
version = "6.1"
source = { registry = "https://pypi.org/simple" }
dependencies = [
    { name = "btrees" },
    { name = "persistent" },
    { name = "transaction" },
    { name = "zc-lockfile" },
    { name = "zconfig" },
    { name = "zodbpickle" },
    { name = "zope-interface" },
]
sdist = { url = "https://files.pythonhosted.org/packages/88/a3/2770a61cc2ac916a792faf24e8437fd45eabdf0652c9c12f8d5b5a8eeaab/zodb-6.1.tar.gz", hash = "sha256:854a269f78977cdfda06aff08e93a8aa512c214202caae301222db2ef98ba365", size = 788711, upload-time = "2025-10-01T07:42:55.043Z" }
wheels = [
    { url = "https://files.pythonhosted.org/packages/a8/14/c7eb75226345e600d47cffe21ce08cba47712c471540e6d54010c6559829/zodb-6.1-py3-none-any.whl", hash = "sha256:619e69c66b3cc9faf4752202c932b19799e70dcf60fc11d10cd1145d0c59e34b", size = 418460, upload-time = "2025-10-01T07:42:50.457Z" },
]

[[package]]
name = "zodbpickle"
version = "4.3"
source = { registry = "https://pypi.org/simple" }
sdist = { url = "https://files.pythonhosted.org/packages/c5/44/090a014a5ff127c517309de29018d23546ffb8a78266f294f0ee74096893/zodbpickle-4.3.tar.gz", hash = "sha256:dea70e8b408167d063ac23a4daf453246acd10dbe58cb0a6c0d7b0f8697ea2ab", size = 116059, upload-time = "2025-11-20T06:37:29.213Z" }
wheels = [
    { url = "https://files.pythonhosted.org/packages/9b/ef/5ccf6ce914680ecab779af1e84685971371dde241cf308c535a5a3bc7881/zodbpickle-4.3-cp314-cp314-macosx_10_9_x86_64.whl", hash = "sha256:722f612fe18fe8b2f84e72e81a7dfe8a0498e0dbdf393ba1c6bd9d220e63f076", size = 144525, upload-time = "2025-11-20T06:41:08.067Z" },
    { url = "https://files.pythonhosted.org/packages/84/ea/76002e6af3fe03a158425871778f6cab8cf90f2c23a6f02651b384637af6/zodbpickle-4.3-cp314-cp314-macosx_11_0_arm64.whl", hash = "sha256:9ac2f431682b33ef328b851f61b37bdbbd62848b169836012a0b3b3036a343f2", size = 140937, upload-time = "2025-11-20T06:41:08.901Z" },
    { url = "https://files.pythonhosted.org/packages/39/93/f7c3fcfc485fec8ea0d74098ee46651eb9ac69b94aef494f63b0643059bf/zodbpickle-4.3-cp314-cp314-manylinux1_i686.manylinux2014_i686.manylinux_2_17_i686.manylinux_2_5_i686.whl", hash = "sha256:758790fae943e54bfd2c297e5b90c0a65a667e93133792bdaf7f8b75ba097180", size = 301482, upload-time = "2025-11-20T06:41:10.107Z" },
    { url = "https://files.pythonhosted.org/packages/7e/da/550b1d9ffda83e7125e33aa804079950e143421b089f63c4aaabe6b98200/zodbpickle-4.3-cp314-cp314-manylinux2014_aarch64.manylinux_2_17_aarch64.whl", hash = "sha256:ef55bb4db2babf6b5a198bb9a0d7c50b65bfd7c06e98c542175b6e554440edde", size = 305245, upload-time = "2025-11-20T06:41:11.121Z" },
    { url = "https://files.pythonhosted.org/packages/a2/ed/dd6e5748cbbe29fc6e556341b116cf1df22b0d05c13905b0709fe326b00c/zodbpickle-4.3-cp314-cp314-manylinux2014_x86_64.manylinux_2_17_x86_64.whl", hash = "sha256:9bfc8900df948e04927a689f8a82b783dbee0bded70148fd451a66d6e7aa007d", size = 304413, upload-time = "2025-11-20T06:41:12.119Z" },
    { url = "https://files.pythonhosted.org/packages/68/ba/65a3d157603c797885f7bee58ddccb46bb1c8fd35fc4e79d890e6cdbdc22/zodbpickle-4.3-cp314-cp314-win_amd64.whl", hash = "sha256:471d2912b1b9d9b93c3a976755eebd135b167fda7dc8c71cf71a775436e2bf53", size = 142045, upload-time = "2025-11-20T06:41:13.067Z" },
]

[[package]]
name = "zope-deferredimport"
version = "6.0"
source = { registry = "https://pypi.org/simple" }
dependencies = [
    { name = "setuptools" },
    { name = "zope-proxy" },
]
sdist = { url = "https://files.pythonhosted.org/packages/0f/c9/61e76bf52b07109cc0ca1210f448ad3744fedb61beed06a5d3bb0f703329/zope_deferredimport-6.0.tar.gz", hash = "sha256:dcceab59470497adb1bf32051a12355cde4e7f629ae1d21ac16ba830bc717fed", size = 20615, upload-time = "2025-09-12T07:05:29.526Z" }
wheels = [
    { url = "https://files.pythonhosted.org/packages/54/ab/0ba78f1fdaf386e417dbd616f8c3eec6819d2df290909bbe9ef742ba648c/zope_deferredimport-6.0-py3-none-any.whl", hash = "sha256:2b7197ae50ef4015560f00c7187f44d2ab041328d3250475042ffa8086e09512", size = 9434, upload-time = "2025-09-12T07:05:28.424Z" },
]

[[package]]
name = "zope-interface"
version = "8.1.1"
source = { registry = "https://pypi.org/simple" }
sdist = { url = "https://files.pythonhosted.org/packages/71/c9/5ec8679a04d37c797d343f650c51ad67d178f0001c363e44b6ac5f97a9da/zope_interface-8.1.1.tar.gz", hash = "sha256:51b10e6e8e238d719636a401f44f1e366146912407b58453936b781a19be19ec", size = 254748, upload-time = "2025-11-15T08:32:52.404Z" }
wheels = [
    { url = "https://files.pythonhosted.org/packages/b9/f5/44efbd98ba06cb937fce7a69fcd7a78c4ac7aa4e1ad2125536801376d2d0/zope_interface-8.1.1-cp314-cp314-macosx_10_9_x86_64.whl", hash = "sha256:da311e9d253991ca327601f47c4644d72359bac6950fbb22f971b24cd7850f8c", size = 209099, upload-time = "2025-11-15T08:37:09.395Z" },
    { url = "https://files.pythonhosted.org/packages/fd/36/a19866c09c8485c36a4c6908e1dd3f8820b41c1ee333c291157cf4cf09e7/zope_interface-8.1.1-cp314-cp314-macosx_11_0_arm64.whl", hash = "sha256:3fb25fca0442c7fb93c4ee40b42e3e033fef2f648730c4b7ae6d43222a3e8946", size = 209240, upload-time = "2025-11-15T08:37:10.687Z" },
    { url = "https://files.pythonhosted.org/packages/c1/28/0dbf40db772d779a4ac8d006a57ad60936d42ad4769a3d5410dcfb98f6f9/zope_interface-8.1.1-cp314-cp314-manylinux1_i686.manylinux2014_i686.manylinux_2_17_i686.manylinux_2_5_i686.whl", hash = "sha256:bac588d0742b4e35efb7c7df1dacc0397b51ed37a17d4169a38019a1cebacf0a", size = 260919, upload-time = "2025-11-15T08:37:11.838Z" },
    { url = "https://files.pythonhosted.org/packages/72/ae/650cd4c01dd1b32c26c800b2c4d852f044552c34a56fbb74d41f569cee31/zope_interface-8.1.1-cp314-cp314-manylinux1_x86_64.manylinux2014_x86_64.manylinux_2_17_x86_64.manylinux_2_5_x86_64.whl", hash = "sha256:3d1f053d2d5e2b393e619bce1e55954885c2e63969159aa521839e719442db49", size = 264102, upload-time = "2025-11-15T08:37:13.241Z" },
    { url = "https://files.pythonhosted.org/packages/46/f0/f534a2c34c006aa090c593cd70eaf94e259fd0786f934698d81f0534d907/zope_interface-8.1.1-cp314-cp314-manylinux2014_aarch64.manylinux_2_17_aarch64.whl", hash = "sha256:64a1ad7f4cb17d948c6bdc525a1d60c0e567b2526feb4fa38b38f249961306b8", size = 264276, upload-time = "2025-11-15T08:37:14.369Z" },
    { url = "https://files.pythonhosted.org/packages/5b/a8/d7e9cf03067b767e23908dbab5f6be7735d70cb4818311a248a8c4bb23cc/zope_interface-8.1.1-cp314-cp314-win_amd64.whl", hash = "sha256:169214da1b82b7695d1a36f92d70b11166d66b6b09d03df35d150cc62ac52276", size = 212492, upload-time = "2025-11-15T08:37:15.538Z" },
]

[[package]]
name = "zope-proxy"
version = "7.1"
source = { registry = "https://pypi.org/simple" }
dependencies = [
    { name = "zope-interface" },
]
sdist = { url = "https://files.pythonhosted.org/packages/7b/67/1bb400490c61d2b1a77e4b194ac1c4f9403cca55e28160553a5338d9f187/zope_proxy-7.1.tar.gz", hash = "sha256:32a24c39867ae1a4d63b24e64cccb38e9cbf9345b309d2d6e3deac96e1905b1c", size = 37672, upload-time = "2025-11-18T07:57:42.502Z" }
wheels = [
    { url = "https://files.pythonhosted.org/packages/3a/52/584264a0867c7f9e174615065b065539c5f0fafb58f27065d3d69abb92f4/zope_proxy-7.1-cp314-cp314-macosx_10_9_x86_64.whl", hash = "sha256:c3fc6221cdc6127d2b48301f0b087dfdffe42f70729472621e7a94112fd6cbe8", size = 35299, upload-time = "2025-11-18T08:04:46.788Z" },
    { url = "https://files.pythonhosted.org/packages/c8/89/7a2abd2285090241ad5f73381620e31b5f41975622644f772d64318572d1/zope_proxy-7.1-cp314-cp314-macosx_11_0_arm64.whl", hash = "sha256:7e0f41d40e0927220dae1b011241665c5601fb04e5f70f2331a04f380486ec27", size = 35723, upload-time = "2025-11-18T08:04:47.856Z" },
    { url = "https://files.pythonhosted.org/packages/89/79/3fc332ac7e524d0e1eda2c0737d464b25da49a52e9efb2c830f9c9e7c07c/zope_proxy-7.1-cp314-cp314-manylinux1_i686.manylinux2014_i686.manylinux_2_17_i686.manylinux_2_5_i686.whl", hash = "sha256:da43253e4160b13f2e132047b2b6e4f0b8339bb13236c2985525f72e2649b923", size = 64108, upload-time = "2025-11-18T08:04:48.732Z" },
    { url = "https://files.pythonhosted.org/packages/f3/64/81fe359a514125d0b75a29b0e71c971e2cc9939570ad5e88864063501225/zope_proxy-7.1-cp314-cp314-manylinux1_x86_64.manylinux2014_x86_64.manylinux_2_17_x86_64.manylinux_2_5_x86_64.whl", hash = "sha256:641dec6fbc983d5dbb0d1e9070dd22fc7f884c07d4130f06f42e838ecd2513fe", size = 69465, upload-time = "2025-11-18T08:04:50.007Z" },
    { url = "https://files.pythonhosted.org/packages/35/c2/3cbc253e13afddc17396765d163c5a960736e1c614b10a9d360c5c502518/zope_proxy-7.1-cp314-cp314-manylinux2014_aarch64.manylinux_2_17_aarch64.whl", hash = "sha256:4871ec5cc94ce4a6ac8579c8e696863145d7eea99901bcd980fda390633a3161", size = 69087, upload-time = "2025-11-18T08:04:50.946Z" },
    { url = "https://files.pythonhosted.org/packages/43/47/2a685952b089ee93900d1c7b9f4c285ba6adfcf780e0ee4ac610ed4537b8/zope_proxy-7.1-cp314-cp314-win_amd64.whl", hash = "sha256:c7c5589843528bfed79f5ef44a23ea36599c34a788a4fc2a89b9e56b783b8c9d", size = 37536, upload-time = "2025-11-18T08:04:51.825Z" },
]
